
Microsoft Visual Studio Solution File, Format Version 12.00
# Visual Studio Version 17
VisualStudioVersion = 17.5.33530.505
MinimumVisualStudioVersion = 10.0.40219.1
Project("{FAE04EC0-301F-11D3-BF4B-00C04F79EFBC}") = "FrontFicus", "FrontFicus.csproj", "{23B25B5A-F7EE-47AB-95A5-C25288B5075B}"
EndProject
Global
	GlobalSection(SolutionConfigurationPlatforms) = preSolution
		Debug|Any CPU = Debug|Any CPU
		Release|Any CPU = Release|Any CPU
	EndGlobalSection
	GlobalSection(ProjectConfigurationPlatforms) = postSolution
		{23B25B5A-F7EE-47AB-95A5-C25288B5075B}.Debug|Any CPU.ActiveCfg = Debug|Any CPU
		{23B25B5A-F7EE-47AB-95A5-C25288B5075B}.Debug|Any CPU.Build.0 = Debug|Any CPU
		{23B25B5A-F7EE-47AB-95A5-C25288B5075B}.Release|Any CPU.ActiveCfg = Release|Any CPU
		{23B25B5A-F7EE-47AB-95A5-C25288B5075B}.Release|Any CPU.Build.0 = Release|Any CPU
	EndGlobalSection
	GlobalSection(SolutionProperties) = preSolution
		HideSolutionNode = FALSE
	EndGlobalSection
	GlobalSection(ExtensibilityGlobals) = postSolution
		SolutionGuid = {400D188A-3A44-4018-B37A-2DCC4A1A6810}
	EndGlobalSection
EndGlobal
